
Microsoft Visual Studio Solution File, Format Version 12.00
# Visual Studio Version 16
VisualStudioVersion = 16.0.30523.141
MinimumVisualStudioVersion = 10.0.40219.1
Project("{9A19103F-16F7-4668-BE54-9A1E7A4F7556}") = "TSPGenetic.Algorithm", "TSPGenetic.Algorithm\TSPGenetic.Algorithm.csproj", "{DDAFCD49-0BFC-4A4A-A17B-798C76A46155}"
EndProject
Project("{9A19103F-16F7-4668-BE54-9A1E7A4F7556}") = "TSPGenetic.Domain", "TSPGenetic.Domain\TSPGenetic.Domain.csproj", "{00077077-A83C-4425-9BB2-C7AA39D62CAE}"
EndProject
Project("{9A19103F-16F7-4668-BE54-9A1E7A4F7556}") = "TSPGenetic.Providers", "TSPGenetic.Providers\TSPGenetic.Providers.csproj", "{FD0E11A1-8A4E-46EB-BF64-5F74B33C6148}"
EndProject
Project("{9A19103F-16F7-4668-BE54-9A1E7A4F7556}") = "TSPGenetic.UI", "TSPGenetic.UI\TSPGenetic.UI.csproj", "{32F79AB5-36CD-4F8C-A781-0432915D80A4}"
EndProject
Global
	GlobalSection(SolutionConfigurationPlatforms) = preSolution
		Debug|Any CPU = Debug|Any CPU
		Release|Any CPU = Release|Any CPU
	EndGlobalSection
	GlobalSection(ProjectConfigurationPlatforms) = postSolution
		{DDAFCD49-0BFC-4A4A-A17B-798C76A46155}.Debug|Any CPU.ActiveCfg = Debug|Any CPU
		{DDAFCD49-0BFC-4A4A-A17B-798C76A46155}.Debug|Any CPU.Build.0 = Debug|Any CPU
		{DDAFCD49-0BFC-4A4A-A17B-798C76A46155}.Release|Any CPU.ActiveCfg = Release|Any CPU
		{DDAFCD49-0BFC-4A4A-A17B-798C76A46155}.Release|Any CPU.Build.0 = Release|Any CPU
		{00077077-A83C-4425-9BB2-C7AA39D62CAE}.Debug|Any CPU.ActiveCfg = Debug|Any CPU
		{00077077-A83C-4425-9BB2-C7AA39D62CAE}.Debug|Any CPU.Build.0 = Debug|Any CPU
		{00077077-A83C-4425-9BB2-C7AA39D62CAE}.Release|Any CPU.ActiveCfg = Release|Any CPU
		{00077077-A83C-4425-9BB2-C7AA39D62CAE}.Release|Any CPU.Build.0 = Release|Any CPU
		{FD0E11A1-8A4E-46EB-BF64-5F74B33C6148}.Debug|Any CPU.ActiveCfg = Debug|Any CPU
		{FD0E11A1-8A4E-46EB-BF64-5F74B33C6148}.Debug|Any CPU.Build.0 = Debug|Any CPU
		{FD0E11A1-8A4E-46EB-BF64-5F74B33C6148}.Release|Any CPU.ActiveCfg = Release|Any CPU
		{FD0E11A1-8A4E-46EB-BF64-5F74B33C6148}.Release|Any CPU.Build.0 = Release|Any CPU
		{32F79AB5-36CD-4F8C-A781-0432915D80A4}.Debug|Any CPU.ActiveCfg = Debug|Any CPU
		{32F79AB5-36CD-4F8C-A781-0432915D80A4}.Debug|Any CPU.Build.0 = Debug|Any CPU
		{32F79AB5-36CD-4F8C-A781-0432915D80A4}.Release|Any CPU.ActiveCfg = Release|Any CPU
		{32F79AB5-36CD-4F8C-A781-0432915D80A4}.Release|Any CPU.Build.0 = Release|Any CPU
	EndGlobalSection
	GlobalSection(SolutionProperties) = preSolution
		HideSolutionNode = FALSE
	EndGlobalSection
	GlobalSection(ExtensibilityGlobals) = postSolution
		SolutionGuid = {E1752193-C3C6-481A-A798-D1366D4F22AD}
	EndGlobalSection
EndGlobal
